
Microsoft Visual Studio Solution File, Format Version 12.00
# Visual Studio Express 2012 for Windows Phone
Project("{FAE04EC0-301F-11D3-BF4B-00C04F79EFBC}") = "Easynfc", "Easynfc.csproj", "{544EC154-B521-4D73-9405-963830ADB213}"
EndProject
Global
	GlobalSection(SolutionConfigurationPlatforms) = preSolution
		Debug|Any CPU = Debug|Any CPU
		Debug|ARM = Debug|ARM
		Debug|x86 = Debug|x86
		Release|Any CPU = Release|Any CPU
		Release|ARM = Release|ARM
		Release|x86 = Release|x86
	EndGlobalSection
	GlobalSection(ProjectConfigurationPlatforms) = postSolution
		{544EC154-B521-4D73-9405-963830ADB213}.Debug|Any CPU.ActiveCfg = Debug|Any CPU
		{544EC154-B521-4D73-9405-963830ADB213}.Debug|Any CPU.Build.0 = Debug|Any CPU
		{544EC154-B521-4D73-9405-963830ADB213}.Debug|Any CPU.Deploy.0 = Debug|Any CPU
		{544EC154-B521-4D73-9405-963830ADB213}.Debug|ARM.ActiveCfg = Debug|ARM
		{544EC154-B521-4D73-9405-963830ADB213}.Debug|ARM.Build.0 = Debug|ARM
		{544EC154-B521-4D73-9405-963830ADB213}.Debug|ARM.Deploy.0 = Debug|ARM
		{544EC154-B521-4D73-9405-963830ADB213}.Debug|x86.ActiveCfg = Debug|x86
		{544EC154-B521-4D73-9405-963830ADB213}.Debug|x86.Build.0 = Debug|x86
		{544EC154-B521-4D73-9405-963830ADB213}.Debug|x86.Deploy.0 = Debug|x86
		{544EC154-B521-4D73-9405-963830ADB213}.Release|Any CPU.ActiveCfg = Release|Any CPU
		{544EC154-B521-4D73-9405-963830ADB213}.Release|Any CPU.Build.0 = Release|Any CPU
		{544EC154-B521-4D73-9405-963830ADB213}.Release|Any CPU.Deploy.0 = Release|Any CPU
		{544EC154-B521-4D73-9405-963830ADB213}.Release|ARM.ActiveCfg = Release|ARM
		{544EC154-B521-4D73-9405-963830ADB213}.Release|ARM.Build.0 = Release|ARM
		{544EC154-B521-4D73-9405-963830ADB213}.Release|ARM.Deploy.0 = Release|ARM
		{544EC154-B521-4D73-9405-963830ADB213}.Release|x86.ActiveCfg = Release|x86
		{544EC154-B521-4D73-9405-963830ADB213}.Release|x86.Build.0 = Release|x86
		{544EC154-B521-4D73-9405-963830ADB213}.Release|x86.Deploy.0 = Release|x86
	EndGlobalSection
	GlobalSection(SolutionProperties) = preSolution
		HideSolutionNode = FALSE
	EndGlobalSection
EndGlobal
